
Microsoft Visual Studio Solution File, Format Version 12.00
# Visual Studio Version 17
VisualStudioVersion = 17.4.33122.133
MinimumVisualStudioVersion = 10.0.40219.1
Project("{FAE04EC0-301F-11D3-BF4B-00C04F79EFBC}") = "WeatherForecast.Api", "WeatherForecast\WeatherForecast.Api.csproj", "{E96DC7DD-B670-470F-9256-0D638E441E5B}"
	ProjectSection(ProjectDependencies) = postProject
		{1CCAA352-68A2-471A-8DC5-408BCD1FE80A} = {1CCAA352-68A2-471A-8DC5-408BCD1FE80A}
		{4B9ECA9F-2954-4C7E-9024-FED6C51E946C} = {4B9ECA9F-2954-4C7E-9024-FED6C51E946C}
		{57D34FC1-F6DF-46D2-88ED-D844ED76DEFF} = {57D34FC1-F6DF-46D2-88ED-D844ED76DEFF}
	EndProjectSection
EndProject
Project("{FAE04EC0-301F-11D3-BF4B-00C04F79EFBC}") = "WeatherForecast.Core", "WeatherForecast.Core\WeatherForecast.Core.csproj", "{4B9ECA9F-2954-4C7E-9024-FED6C51E946C}"
EndProject
Project("{FAE04EC0-301F-11D3-BF4B-00C04F79EFBC}") = "WeatherForecast.BLL", "WeatherForecast.BLL\WeatherForecast.BLL.csproj", "{57D34FC1-F6DF-46D2-88ED-D844ED76DEFF}"
	ProjectSection(ProjectDependencies) = postProject
		{4B9ECA9F-2954-4C7E-9024-FED6C51E946C} = {4B9ECA9F-2954-4C7E-9024-FED6C51E946C}
	EndProjectSection
EndProject
Project("{FAE04EC0-301F-11D3-BF4B-00C04F79EFBC}") = "WeatherForecast.DAL", "WeatherForecast.DAL\WeatherForecast.DAL.csproj", "{1CCAA352-68A2-471A-8DC5-408BCD1FE80A}"
	ProjectSection(ProjectDependencies) = postProject
		{4B9ECA9F-2954-4C7E-9024-FED6C51E946C} = {4B9ECA9F-2954-4C7E-9024-FED6C51E946C}
	EndProjectSection
EndProject
Global
	GlobalSection(SolutionConfigurationPlatforms) = preSolution
		Debug|Any CPU = Debug|Any CPU
		Release|Any CPU = Release|Any CPU
	EndGlobalSection
	GlobalSection(ProjectConfigurationPlatforms) = postSolution
		{E96DC7DD-B670-470F-9256-0D638E441E5B}.Debug|Any CPU.ActiveCfg = Debug|Any CPU
		{E96DC7DD-B670-470F-9256-0D638E441E5B}.Debug|Any CPU.Build.0 = Debug|Any CPU
		{E96DC7DD-B670-470F-9256-0D638E441E5B}.Release|Any CPU.ActiveCfg = Release|Any CPU
		{E96DC7DD-B670-470F-9256-0D638E441E5B}.Release|Any CPU.Build.0 = Release|Any CPU
		{4B9ECA9F-2954-4C7E-9024-FED6C51E946C}.Debug|Any CPU.ActiveCfg = Debug|Any CPU
		{4B9ECA9F-2954-4C7E-9024-FED6C51E946C}.Debug|Any CPU.Build.0 = Debug|Any CPU
		{4B9ECA9F-2954-4C7E-9024-FED6C51E946C}.Release|Any CPU.ActiveCfg = Release|Any CPU
		{4B9ECA9F-2954-4C7E-9024-FED6C51E946C}.Release|Any CPU.Build.0 = Release|Any CPU
		{57D34FC1-F6DF-46D2-88ED-D844ED76DEFF}.Debug|Any CPU.ActiveCfg = Debug|Any CPU
		{57D34FC1-F6DF-46D2-88ED-D844ED76DEFF}.Debug|Any CPU.Build.0 = Debug|Any CPU
		{57D34FC1-F6DF-46D2-88ED-D844ED76DEFF}.Release|Any CPU.ActiveCfg = Release|Any CPU
		{57D34FC1-F6DF-46D2-88ED-D844ED76DEFF}.Release|Any CPU.Build.0 = Release|Any CPU
		{1CCAA352-68A2-471A-8DC5-408BCD1FE80A}.Debug|Any CPU.ActiveCfg = Debug|Any CPU
		{1CCAA352-68A2-471A-8DC5-408BCD1FE80A}.Debug|Any CPU.Build.0 = Debug|Any CPU
		{1CCAA352-68A2-471A-8DC5-408BCD1FE80A}.Release|Any CPU.ActiveCfg = Release|Any CPU
		{1CCAA352-68A2-471A-8DC5-408BCD1FE80A}.Release|Any CPU.Build.0 = Release|Any CPU
	EndGlobalSection
	GlobalSection(SolutionProperties) = preSolution
		HideSolutionNode = FALSE
	EndGlobalSection
	GlobalSection(ExtensibilityGlobals) = postSolution
		SolutionGuid = {2B14E36C-DD6B-44BE-A4B9-ED1B95EDEC8A}
	EndGlobalSection
EndGlobal
